// !$*UTF8*$!
{
	archiveVersion = 1;
	classes = {
	};
	objectVersion = 50;
	objects = {

/* Begin PBXBuildFile section */
		5556427420FE155B00AEAE2B /* IDXMLModel.m in Sources */ = {isa = PBXBuildFile; fileRef = 5556427320FE155B00AEAE2B /* IDXMLModel.m */; };
		5556427A20FE198A00AEAE2B /* IDXMLStringGenerator.m in Sources */ = {isa = PBXBuildFile; fileRef = 5556427920FE198A00AEAE2B /* IDXMLStringGenerator.m */; };
		5556428420FF151600AEAE2B /* NSString+IDXMLAdditions.m in Sources */ = {isa = PBXBuildFile; fileRef = 5556428320FF151600AEAE2B /* NSString+IDXMLAdditions.m */; };
		5556428720FF2D5200AEAE2B /* BookXMLModel.m in Sources */ = {isa = PBXBuildFile; fileRef = 5556428620FF2D5200AEAE2B /* BookXMLModel.m */; };
		5556428A20FF2D6100AEAE2B /* BookstoreXMLModel.m in Sources */ = {isa = PBXBuildFile; fileRef = 5556428920FF2D6100AEAE2B /* BookstoreXMLModel.m */; };
		5556429020FF2E8400AEAE2B /* RootXMLModel.m in Sources */ = {isa = PBXBuildFile; fileRef = 5556428F20FF2E8400AEAE2B /* RootXMLModel.m */; };
		559AC90820F8611F001DEA5B /* AppDelegate.m in Sources */ = {isa = PBXBuildFile; fileRef = 559AC90720F8611F001DEA5B /* AppDelegate.m */; };
		559AC90B20F8611F001DEA5B /* ViewController.m in Sources */ = {isa = PBXBuildFile; fileRef = 559AC90A20F8611F001DEA5B /* ViewController.m */; };
		559AC90E20F8611F001DEA5B /* Main.storyboard in Resources */ = {isa = PBXBuildFile; fileRef = 559AC90C20F8611F001DEA5B /* Main.storyboard */; };
		559AC91020F86122001DEA5B /* Assets.xcassets in Resources */ = {isa = PBXBuildFile; fileRef = 559AC90F20F86122001DEA5B /* Assets.xcassets */; };
		559AC91320F86122001DEA5B /* LaunchScreen.storyboard in Resources */ = {isa = PBXBuildFile; fileRef = 559AC91120F86122001DEA5B /* LaunchScreen.storyboard */; };
		559AC91620F86122001DEA5B /* main.m in Sources */ = {isa = PBXBuildFile; fileRef = 559AC91520F86122001DEA5B /* main.m */; };
		559AC91F20F86368001DEA5B /* IDXMLBuilder.m in Sources */ = {isa = PBXBuildFile; fileRef = 559AC91E20F86368001DEA5B /* IDXMLBuilder.m */; };
		559AC92220F86CA5001DEA5B /* IDXMLElement.m in Sources */ = {isa = PBXBuildFile; fileRef = 559AC92120F86CA5001DEA5B /* IDXMLElement.m */; };
		559AC92520F8D1C0001DEA5B /* IDXMLValue.m in Sources */ = {isa = PBXBuildFile; fileRef = 559AC92420F8D1C0001DEA5B /* IDXMLValue.m */; };
		559AC92820F8D62C001DEA5B /* IDXMLValue+Protected.m in Sources */ = {isa = PBXBuildFile; fileRef = 559AC92720F8D62C001DEA5B /* IDXMLValue+Protected.m */; };
/* End PBXBuildFile section */

/* Begin PBXFileReference section */
		5556427220FE155B00AEAE2B /* IDXMLModel.h */ = {isa = PBXFileReference; lastKnownFileType = sourcecode.c.h; path = IDXMLModel.h; sourceTree = "<group>"; };
		5556427320FE155B00AEAE2B /* IDXMLModel.m */ = {isa = PBXFileReference; lastKnownFileType = sourcecode.c.objc; path = IDXMLModel.m; sourceTree = "<group>"; };
		5556427820FE198A00AEAE2B /* IDXMLStringGenerator.h */ = {isa = PBXFileReference; lastKnownFileType = sourcecode.c.h; path = IDXMLStringGenerator.h; sourceTree = "<group>"; };
		5556427920FE198A00AEAE2B /* IDXMLStringGenerator.m */ = {isa = PBXFileReference; lastKnownFileType = sourcecode.c.objc; path = IDXMLStringGenerator.m; sourceTree = "<group>"; };
		5556428220FF151600AEAE2B /* NSString+IDXMLAdditions.h */ = {isa = PBXFileReference; lastKnownFileType = sourcecode.c.h; path = "NSString+IDXMLAdditions.h"; sourceTree = "<group>"; };
		5556428320FF151600AEAE2B /* NSString+IDXMLAdditions.m */ = {isa = PBXFileReference; lastKnownFileType = sourcecode.c.objc; path = "NSString+IDXMLAdditions.m"; sourceTree = "<group>"; };
		5556428520FF2D5200AEAE2B /* BookXMLModel.h */ = {isa = PBXFileReference; lastKnownFileType = sourcecode.c.h; path = BookXMLModel.h; sourceTree = "<group>"; };
		5556428620FF2D5200AEAE2B /* BookXMLModel.m */ = {isa = PBXFileReference; lastKnownFileType = sourcecode.c.objc; path = BookXMLModel.m; sourceTree = "<group>"; };
		5556428820FF2D6100AEAE2B /* BookstoreXMLModel.h */ = {isa = PBXFileReference; lastKnownFileType = sourcecode.c.h; path = BookstoreXMLModel.h; sourceTree = "<group>"; };
		5556428920FF2D6100AEAE2B /* BookstoreXMLModel.m */ = {isa = PBXFileReference; lastKnownFileType = sourcecode.c.objc; path = BookstoreXMLModel.m; sourceTree = "<group>"; };
		5556428E20FF2E8400AEAE2B /* RootXMLModel.h */ = {isa = PBXFileReference; lastKnownFileType = sourcecode.c.h; path = RootXMLModel.h; sourceTree = "<group>"; };
		5556428F20FF2E8400AEAE2B /* RootXMLModel.m */ = {isa = PBXFileReference; lastKnownFileType = sourcecode.c.objc; path = RootXMLModel.m; sourceTree = "<group>"; };
		559AC90320F8611F001DEA5B /* Sample.app */ = {isa = PBXFileReference; explicitFileType = wrapper.application; includeInIndex = 0; path = Sample.app; sourceTree = BUILT_PRODUCTS_DIR; };
		559AC90620F8611F001DEA5B /* AppDelegate.h */ = {isa = PBXFileReference; lastKnownFileType = sourcecode.c.h; path = AppDelegate.h; sourceTree = "<group>"; };
		559AC90720F8611F001DEA5B /* AppDelegate.m */ = {isa = PBXFileReference; lastKnownFileType = sourcecode.c.objc; path = AppDelegate.m; sourceTree = "<group>"; };
		559AC90920F8611F001DEA5B /* ViewController.h */ = {isa = PBXFileReference; lastKnownFileType = sourcecode.c.h; path = ViewController.h; sourceTree = "<group>"; };
		559AC90A20F8611F001DEA5B /* ViewController.m */ = {isa = PBXFileReference; lastKnownFileType = sourcecode.c.objc; path = ViewController.m; sourceTree = "<group>"; };
		559AC90D20F8611F001DEA5B /* Base */ = {isa = PBXFileReference; lastKnownFileType = file.storyboard; name = Base; path = Base.lproj/Main.storyboard; sourceTree = "<group>"; };
		559AC90F20F86122001DEA5B /* Assets.xcassets */ = {isa = PBXFileReference; lastKnownFileType = folder.assetcatalog; path = Assets.xcassets; sourceTree = "<group>"; };
		559AC91220F86122001DEA5B /* Base */ = {isa = PBXFileReference; lastKnownFileType = file.storyboard; name = Base; path = Base.lproj/LaunchScreen.storyboard; sourceTree = "<group>"; };
		559AC91420F86122001DEA5B /* Info.plist */ = {isa = PBXFileReference; lastKnownFileType = text.plist.xml; path = Info.plist; sourceTree = "<group>"; };
		559AC91520F86122001DEA5B /* main.m */ = {isa = PBXFileReference; lastKnownFileType = sourcecode.c.objc; path = main.m; sourceTree = "<group>"; };
		559AC91D20F86368001DEA5B /* IDXMLBuilder.h */ = {isa = PBXFileReference; lastKnownFileType = sourcecode.c.h; path = IDXMLBuilder.h; sourceTree = "<group>"; };
		559AC91E20F86368001DEA5B /* IDXMLBuilder.m */ = {isa = PBXFileReference; lastKnownFileType = sourcecode.c.objc; path = IDXMLBuilder.m; sourceTree = "<group>"; };
		559AC92020F86CA5001DEA5B /* IDXMLElement.h */ = {isa = PBXFileReference; lastKnownFileType = sourcecode.c.h; path = IDXMLElement.h; sourceTree = "<group>"; };
		559AC92120F86CA5001DEA5B /* IDXMLElement.m */ = {isa = PBXFileReference; lastKnownFileType = sourcecode.c.objc; path = IDXMLElement.m; sourceTree = "<group>"; };
		559AC92320F8D1C0001DEA5B /* IDXMLValue.h */ = {isa = PBXFileReference; lastKnownFileType = sourcecode.c.h; path = IDXMLValue.h; sourceTree = "<group>"; };
		559AC92420F8D1C0001DEA5B /* IDXMLValue.m */ = {isa = PBXFileReference; lastKnownFileType = sourcecode.c.objc; path = IDXMLValue.m; sourceTree = "<group>"; };
		559AC92620F8D62C001DEA5B /* IDXMLValue+Protected.h */ = {isa = PBXFileReference; lastKnownFileType = sourcecode.c.h; path = "IDXMLValue+Protected.h"; sourceTree = "<group>"; };
		559AC92720F8D62C001DEA5B /* IDXMLValue+Protected.m */ = {isa = PBXFileReference; lastKnownFileType = sourcecode.c.objc; path = "IDXMLValue+Protected.m"; sourceTree = "<group>"; };
/* End PBXFileReference section */

/* Begin PBXFrameworksBuildPhase section */
		559AC90020F8611F001DEA5B /* Frameworks */ = {
			isa = PBXFrameworksBuildPhase;
			buildActionMask = 2147483647;
			files = (
			);
			runOnlyForDeploymentPostprocessing = 0;
		};
/* End PBXFrameworksBuildPhase section */

/* Begin PBXGroup section */
		5556427B20FE1C1A00AEAE2B /* Examples */ = {
			isa = PBXGroup;
			children = (
				5556428E20FF2E8400AEAE2B /* RootXMLModel.h */,
				5556428F20FF2E8400AEAE2B /* RootXMLModel.m */,
				5556428820FF2D6100AEAE2B /* BookstoreXMLModel.h */,
				5556428920FF2D6100AEAE2B /* BookstoreXMLModel.m */,
				5556428520FF2D5200AEAE2B /* BookXMLModel.h */,
				5556428620FF2D5200AEAE2B /* BookXMLModel.m */,
			);
			path = Examples;
			sourceTree = "<group>";
		};
		559AC8FA20F8611F001DEA5B = {
			isa = PBXGroup;
			children = (
				559AC91C20F86347001DEA5B /* Classes */,
				559AC90520F8611F001DEA5B /* Sample */,
				559AC90420F8611F001DEA5B /* Products */,
			);
			sourceTree = "<group>";
		};
		559AC90420F8611F001DEA5B /* Products */ = {
			isa = PBXGroup;
			children = (
				559AC90320F8611F001DEA5B /* Sample.app */,
			);
			name = Products;
			sourceTree = "<group>";
		};
		559AC90520F8611F001DEA5B /* Sample */ = {
			isa = PBXGroup;
			children = (
				559AC90620F8611F001DEA5B /* AppDelegate.h */,
				559AC90720F8611F001DEA5B /* AppDelegate.m */,
				559AC90920F8611F001DEA5B /* ViewController.h */,
				559AC90A20F8611F001DEA5B /* ViewController.m */,
				5556427B20FE1C1A00AEAE2B /* Examples */,
				559AC90C20F8611F001DEA5B /* Main.storyboard */,
				559AC90F20F86122001DEA5B /* Assets.xcassets */,
				559AC91120F86122001DEA5B /* LaunchScreen.storyboard */,
				559AC91420F86122001DEA5B /* Info.plist */,
				559AC91520F86122001DEA5B /* main.m */,
			);
			path = Sample;
			sourceTree = "<group>";
		};
		559AC91C20F86347001DEA5B /* Classes */ = {
			isa = PBXGroup;
			children = (
				559AC91D20F86368001DEA5B /* IDXMLBuilder.h */,
				559AC91E20F86368001DEA5B /* IDXMLBuilder.m */,
				559AC92020F86CA5001DEA5B /* IDXMLElement.h */,
				559AC92120F86CA5001DEA5B /* IDXMLElement.m */,
				559AC92320F8D1C0001DEA5B /* IDXMLValue.h */,
				559AC92420F8D1C0001DEA5B /* IDXMLValue.m */,
				559AC92620F8D62C001DEA5B /* IDXMLValue+Protected.h */,
				559AC92720F8D62C001DEA5B /* IDXMLValue+Protected.m */,
				5556427220FE155B00AEAE2B /* IDXMLModel.h */,
				5556427320FE155B00AEAE2B /* IDXMLModel.m */,
				5556427820FE198A00AEAE2B /* IDXMLStringGenerator.h */,
				5556427920FE198A00AEAE2B /* IDXMLStringGenerator.m */,
				5556428220FF151600AEAE2B /* NSString+IDXMLAdditions.h */,
				5556428320FF151600AEAE2B /* NSString+IDXMLAdditions.m */,
			);
			path = Classes;
			sourceTree = "<group>";
		};
/* End PBXGroup section */

/* Begin PBXNativeTarget section */
		559AC90220F8611F001DEA5B /* Sample */ = {
			isa = PBXNativeTarget;
			buildConfigurationList = 559AC91920F86122001DEA5B /* Build configuration list for PBXNativeTarget "Sample" */;
			buildPhases = (
				559AC8FF20F8611F001DEA5B /* Sources */,
				559AC90020F8611F001DEA5B /* Frameworks */,
				559AC90120F8611F001DEA5B /* Resources */,
			);
			buildRules = (
			);
			dependencies = (
			);
			name = Sample;
			productName = Sample;
			productReference = 559AC90320F8611F001DEA5B /* Sample.app */;
			productType = "com.apple.product-type.application";
		};
/* End PBXNativeTarget section */

/* Begin PBXProject section */
		559AC8FB20F8611F001DEA5B /* Project object */ = {
			isa = PBXProject;
			attributes = {
				LastUpgradeCheck = 0940;
				ORGANIZATIONNAME = "Improve Digital";
				TargetAttributes = {
					559AC90220F8611F001DEA5B = {
						CreatedOnToolsVersion = 9.4;
					};
				};
			};
			buildConfigurationList = 559AC8FE20F8611F001DEA5B /* Build configuration list for PBXProject "Sample" */;
			compatibilityVersion = "Xcode 9.3";
			developmentRegion = en;
			hasScannedForEncodings = 0;
			knownRegions = (
				en,
				Base,
			);
			mainGroup = 559AC8FA20F8611F001DEA5B;
			productRefGroup = 559AC90420F8611F001DEA5B /* Products */;
			projectDirPath = "";
			projectRoot = "";
			targets = (
				559AC90220F8611F001DEA5B /* Sample */,
			);
		};
/* End PBXProject section */

/* Begin PBXResourcesBuildPhase section */
		559AC90120F8611F001DEA5B /* Resources */ = {
			isa = PBXResourcesBuildPhase;
			buildActionMask = 2147483647;
			files = (
				559AC91320F86122001DEA5B /* LaunchScreen.storyboard in Resources */,
				559AC91020F86122001DEA5B /* Assets.xcassets in Resources */,
				559AC90E20F8611F001DEA5B /* Main.storyboard in Resources */,
			);
			runOnlyForDeploymentPostprocessing = 0;
		};
/* End PBXResourcesBuildPhase section */

/* Begin PBXSourcesBuildPhase section */
		559AC8FF20F8611F001DEA5B /* Sources */ = {
			isa = PBXSourcesBuildPhase;
			buildActionMask = 2147483647;
			files = (
				559AC90B20F8611F001DEA5B /* ViewController.m in Sources */,
				5556428420FF151600AEAE2B /* NSString+IDXMLAdditions.m in Sources */,
				5556429020FF2E8400AEAE2B /* RootXMLModel.m in Sources */,
				559AC92220F86CA5001DEA5B /* IDXMLElement.m in Sources */,
				5556428720FF2D5200AEAE2B /* BookXMLModel.m in Sources */,
				559AC91620F86122001DEA5B /* main.m in Sources */,
				559AC91F20F86368001DEA5B /* IDXMLBuilder.m in Sources */,
				559AC92520F8D1C0001DEA5B /* IDXMLValue.m in Sources */,
				559AC90820F8611F001DEA5B /* AppDelegate.m in Sources */,
				5556427A20FE198A00AEAE2B /* IDXMLStringGenerator.m in Sources */,
				5556427420FE155B00AEAE2B /* IDXMLModel.m in Sources */,
				559AC92820F8D62C001DEA5B /* IDXMLValue+Protected.m in Sources */,
				5556428A20FF2D6100AEAE2B /* BookstoreXMLModel.m in Sources */,
			);
			runOnlyForDeploymentPostprocessing = 0;
		};
/* End PBXSourcesBuildPhase section */

/* Begin PBXVariantGroup section */
		559AC90C20F8611F001DEA5B /* Main.storyboard */ = {
			isa = PBXVariantGroup;
			children = (
				559AC90D20F8611F001DEA5B /* Base */,
			);
			name = Main.storyboard;
			sourceTree = "<group>";
		};
		559AC91120F86122001DEA5B /* LaunchScreen.storyboard */ = {
			isa = PBXVariantGroup;
			children = (
				559AC91220F86122001DEA5B /* Base */,
			);
			name = LaunchScreen.storyboard;
			sourceTree = "<group>";
		};
/* End PBXVariantGroup section */

/* Begin XCBuildConfiguration section */
		559AC91720F86122001DEA5B /* Debug */ = {
			isa = XCBuildConfiguration;
			buildSettings = {
				ALWAYS_SEARCH_USER_PATHS = NO;
				CLANG_ANALYZER_NONNULL = YES;
				CLANG_ANALYZER_NUMBER_OBJECT_CONVERSION = YES_AGGRESSIVE;
				CLANG_CXX_LANGUAGE_STANDARD = "gnu++14";
				CLANG_CXX_LIBRARY = "libc++";
				CLANG_ENABLE_MODULES = YES;
				CLANG_ENABLE_OBJC_ARC = YES;
				CLANG_ENABLE_OBJC_WEAK = YES;
				CLANG_WARN_BLOCK_CAPTURE_AUTORELEASING = YES;
				CLANG_WARN_BOOL_CONVERSION = YES;
				CLANG_WARN_COMMA = YES;
				CLANG_WARN_CONSTANT_CONVERSION = YES;
				CLANG_WARN_DEPRECATED_OBJC_IMPLEMENTATIONS = YES;
				CLANG_WARN_DIRECT_OBJC_ISA_USAGE = YES_ERROR;
				CLANG_WARN_DOCUMENTATION_COMMENTS = YES;
				CLANG_WARN_EMPTY_BODY = YES;
				CLANG_WARN_ENUM_CONVERSION = YES;
				CLANG_WARN_INFINITE_RECURSION = YES;
				CLANG_WARN_INT_CONVERSION = YES;
				CLANG_WARN_NON_LITERAL_NULL_CONVERSION = YES;
				CLANG_WARN_OBJC_IMPLICIT_RETAIN_SELF = YES;
				CLANG_WARN_OBJC_LITERAL_CONVERSION = YES;
				CLANG_WARN_OBJC_ROOT_CLASS = YES_ERROR;
				CLANG_WARN_RANGE_LOOP_ANALYSIS = YES;
				CLANG_WARN_STRICT_PROTOTYPES = YES;
				CLANG_WARN_SUSPICIOUS_MOVE = YES;
				CLANG_WARN_UNGUARDED_AVAILABILITY = YES_AGGRESSIVE;
				CLANG_WARN_UNREACHABLE_CODE = YES;
				CLANG_WARN__DUPLICATE_METHOD_MATCH = YES;
				CODE_SIGN_IDENTITY = "iPhone Developer";
				COPY_PHASE_STRIP = NO;
				DEBUG_INFORMATION_FORMAT = dwarf;
				ENABLE_STRICT_OBJC_MSGSEND = YES;
				ENABLE_TESTABILITY = YES;
				GCC_C_LANGUAGE_STANDARD = gnu11;
				GCC_DYNAMIC_NO_PIC = NO;
				GCC_NO_COMMON_BLOCKS = YES;
				GCC_OPTIMIZATION_LEVEL = 0;
				GCC_PREPROCESSOR_DEFINITIONS = (
					"DEBUG=1",
					"$(inherited)",
				);
				GCC_WARN_64_TO_32_BIT_CONVERSION = YES;
				GCC_WARN_ABOUT_RETURN_TYPE = YES_ERROR;
				GCC_WARN_UNDECLARED_SELECTOR = YES;
				GCC_WARN_UNINITIALIZED_AUTOS = YES_AGGRESSIVE;
				GCC_WARN_UNUSED_FUNCTION = YES;
				GCC_WARN_UNUSED_VARIABLE = YES;
				IPHONEOS_DEPLOYMENT_TARGET = 11.4;
				MTL_ENABLE_DEBUG_INFO = YES;
				ONLY_ACTIVE_ARCH = YES;
				SDKROOT = iphoneos;
			};
			name = Debug;
		};
		559AC91820F86122001DEA5B /* Release */ = {
			isa = XCBuildConfiguration;
			buildSettings = {
				ALWAYS_SEARCH_USER_PATHS = NO;
				CLANG_ANALYZER_NONNULL = YES;
				CLANG_ANALYZER_NUMBER_OBJECT_CONVERSION = YES_AGGRESSIVE;
				CLANG_CXX_LANGUAGE_STANDARD = "gnu++14";
				CLANG_CXX_LIBRARY = "libc++";
				CLANG_ENABLE_MODULES = YES;
				CLANG_ENABLE_OBJC_ARC = YES;
				CLANG_ENABLE_OBJC_WEAK = YES;
				CLANG_WARN_BLOCK_CAPTURE_AUTORELEASING = YES;
				CLANG_WARN_BOOL_CONVERSION = YES;
				CLANG_WARN_COMMA = YES;
				CLANG_WARN_CONSTANT_CONVERSION = YES;
				CLANG_WARN_DEPRECATED_OBJC_IMPLEMENTATIONS = YES;
				CLANG_WARN_DIRECT_OBJC_ISA_USAGE = YES_ERROR;
				CLANG_WARN_DOCUMENTATION_COMMENTS = YES;
				CLANG_WARN_EMPTY_BODY = YES;
				CLANG_WARN_ENUM_CONVERSION = YES;
				CLANG_WARN_INFINITE_RECURSION = YES;
				CLANG_WARN_INT_CONVERSION = YES;
				CLANG_WARN_NON_LITERAL_NULL_CONVERSION = YES;
				CLANG_WARN_OBJC_IMPLICIT_RETAIN_SELF = YES;
				CLANG_WARN_OBJC_LITERAL_CONVERSION = YES;
				CLANG_WARN_OBJC_ROOT_CLASS = YES_ERROR;
				CLANG_WARN_RANGE_LOOP_ANALYSIS = YES;
				CLANG_WARN_STRICT_PROTOTYPES = YES;
				CLANG_WARN_SUSPICIOUS_MOVE = YES;
				CLANG_WARN_UNGUARDED_AVAILABILITY = YES_AGGRESSIVE;
				CLANG_WARN_UNREACHABLE_CODE = YES;
				CLANG_WARN__DUPLICATE_METHOD_MATCH = YES;
				CODE_SIGN_IDENTITY = "iPhone Developer";
				COPY_PHASE_STRIP = NO;
				DEBUG_INFORMATION_FORMAT = "dwarf-with-dsym";
				ENABLE_NS_ASSERTIONS = NO;
				ENABLE_STRICT_OBJC_MSGSEND = YES;
				GCC_C_LANGUAGE_STANDARD = gnu11;
				GCC_NO_COMMON_BLOCKS = YES;
				GCC_WARN_64_TO_32_BIT_CONVERSION = YES;
				GCC_WARN_ABOUT_RETURN_TYPE = YES_ERROR;
				GCC_WARN_UNDECLARED_SELECTOR = YES;
				GCC_WARN_UNINITIALIZED_AUTOS = YES_AGGRESSIVE;
				GCC_WARN_UNUSED_FUNCTION = YES;
				GCC_WARN_UNUSED_VARIABLE = YES;
				IPHONEOS_DEPLOYMENT_TARGET = 11.4;
				MTL_ENABLE_DEBUG_INFO = NO;
				SDKROOT = iphoneos;
				VALIDATE_PRODUCT = YES;
			};
			name = Release;
		};
		559AC91A20F86122001DEA5B /* Debug */ = {
			isa = XCBuildConfiguration;
			buildSettings = {
				ASSETCATALOG_COMPILER_APPICON_NAME = AppIcon;
				CODE_SIGN_STYLE = Automatic;
				DEVELOPMENT_TEAM = 3PWBFTH7H5;
				INFOPLIST_FILE = Sample/Info.plist;
				LD_RUNPATH_SEARCH_PATHS = (
					"$(inherited)",
					"@executable_path/Frameworks",
				);
				PRODUCT_BUNDLE_IDENTIFIER = com.improvedigital.Sample;
				PRODUCT_NAME = "$(TARGET_NAME)";
				TARGETED_DEVICE_FAMILY = "1,2";
			};
			name = Debug;
		};
		559AC91B20F86122001DEA5B /* Release */ = {
			isa = XCBuildConfiguration;
			buildSettings = {
				ASSETCATALOG_COMPILER_APPICON_NAME = AppIcon;
				CODE_SIGN_STYLE = Automatic;
				DEVELOPMENT_TEAM = 3PWBFTH7H5;
				INFOPLIST_FILE = Sample/Info.plist;
				LD_RUNPATH_SEARCH_PATHS = (
					"$(inherited)",
					"@executable_path/Frameworks",
				);
				PRODUCT_BUNDLE_IDENTIFIER = com.improvedigital.Sample;
				PRODUCT_NAME = "$(TARGET_NAME)";
				TARGETED_DEVICE_FAMILY = "1,2";
			};
			name = Release;
		};
/* End XCBuildConfiguration section */

/* Begin XCConfigurationList section */
		559AC8FE20F8611F001DEA5B /* Build configuration list for PBXProject "Sample" */ = {
			isa = XCConfigurationList;
			buildConfigurations = (
				559AC91720F86122001DEA5B /* Debug */,
				559AC91820F86122001DEA5B /* Release */,
			);
			defaultConfigurationIsVisible = 0;
			defaultConfigurationName = Release;
		};
		559AC91920F86122001DEA5B /* Build configuration list for PBXNativeTarget "Sample" */ = {
			isa = XCConfigurationList;
			buildConfigurations = (
				559AC91A20F86122001DEA5B /* Debug */,
				559AC91B20F86122001DEA5B /* Release */,
			);
			defaultConfigurationIsVisible = 0;
			defaultConfigurationName = Release;
		};
/* End XCConfigurationList section */
	};
	rootObject = 559AC8FB20F8611F001DEA5B /* Project object */;
}
